
Microsoft Visual Studio Solution File, Format Version 12.00
# Visual Studio Version 17
VisualStudioVersion = 17.11.35431.28
MinimumVisualStudioVersion = 10.0.40219.1
Project("{FAE04EC0-301F-11D3-BF4B-00C04F79EFBC}") = "Agri-Energy Connect Platform", "Agri-Energy Connect Platform\Agri-Energy Connect Platform.csproj", "{56035A4B-E241-4231-8202-BFC9908D14AA}"
EndProject
Global
	GlobalSection(SolutionConfigurationPlatforms) = preSolution
		Debug|Any CPU = Debug|Any CPU
		Release|Any CPU = Release|Any CPU
	EndGlobalSection
	GlobalSection(ProjectConfigurationPlatforms) = postSolution
		{56035A4B-E241-4231-8202-BFC9908D14AA}.Debug|Any CPU.ActiveCfg = Debug|Any CPU
		{56035A4B-E241-4231-8202-BFC9908D14AA}.Debug|Any CPU.Build.0 = Debug|Any CPU
		{56035A4B-E241-4231-8202-BFC9908D14AA}.Release|Any CPU.ActiveCfg = Release|Any CPU
		{56035A4B-E241-4231-8202-BFC9908D14AA}.Release|Any CPU.Build.0 = Release|Any CPU
	EndGlobalSection
	GlobalSection(SolutionProperties) = preSolution
		HideSolutionNode = FALSE
	EndGlobalSection
	GlobalSection(ExtensibilityGlobals) = postSolution
		SolutionGuid = {5F774A29-4354-434A-A473-62BD7252731F}
	EndGlobalSection
EndGlobal
